github.com/CrowdSurge/banner v0.0.0-20140923200336-8c0e79dc5ff7/go.mod h1:29J++XOrAqvtNYrJHCnRWYDg/L4ttVMXCSfPdvOS0/c=
github.com/mattes/go-asciibot v0.0.0-20190603170252-3fa6d766c482 h1:Is74U2kXPdMV6wu/Z1QYiFB8SrNvhFx9EK7ZS/4i5kM=
github.com/mattes/go-asciibot v0.0.0-20190603170252-3fa6d766c482/go.mod h1:akTvhl4803od3DOIWgnTKgOJx3Pevvt7BU9pRrKdRVA=
github.com/mattn/go-colorable v0.1.8 h1:c1ghPdyEDarC70ftn0y+A/Ee++9zz8ljHG1b13eJ0s8=
github.com/mattn/go-colorable v0.1.8/go.mod h1:u6P/XSegPjTcexA+o6vUJrdnUu04hMope9wVRipJSqc=
github.com/mattn/go-isatty v0.0.12 h1:wuysRhFDzyxgEmMf5xjvJ2M9dZoWAXNNr5LSBS7uHXY=
github.com/mattn/go-isatty v0.0.12/go.mod h1:cbi8OIDigv2wuxKPP5vlRcQ1OAZbq2CE4Kysco4FUpU=
github.com/xyproto/rainbow v0.0.0-20201109091232-b0e925b2fc6e h1:Bm4rZlg35W9mjsOQEjRmaoPY0762E2NkZ7j2sQTrkQw=
github.com/xyproto/rainbow v0.0.0-20201109091232-b0e925b2fc6e/go.mod h1:Ekn8x6HqHvVR2KBTyjZb9IWqvq68jCe1Z50Z5EQA7JI=
golang.org/x/sys v0.0.0-20200116001909-b77594299b42/go.mod h1:h1NjWce9XRLGQEsW7wpKNCjG9DtNlClVuFLEZdDNbEs=
golang.org/x/sys v0.0.0-20200223170610-d5e6a3e2c0ae/go.mod h1:h1NjWce9XRLGQEsW7wpKNCjG9DtNlClVuFLEZdDNbEs=
golang.org/x/sys v0.0.0-20201107080550-4d91cf3a1aaf h1:kt3wY1Lu5MJAnKTfoMR52Cu4gwvna4VTzNOiT8tY73s=
golang.org/x/sys v0.0.0-20201107080550-4d91cf3a1aaf/go.mod h1:h1NjWce9XRLGQEsW7wpKNCjG9DtNlClVuFLEZdDNbEs=
